
Microsoft Visual Studio Solution File, Format Version 12.00
# Visual Studio Version 17
VisualStudioVersion = 17.5.33209.295
MinimumVisualStudioVersion = 10.0.40219.1
Project("{FAE04EC0-301F-11D3-BF4B-00C04F79EFBC}") = "CountOddNumbers", "CountOddNumbers\CountOddNumbers.csproj", "{BB75EBA5-67BC-45AA-AAF2-58588A9B6E58}"
EndProject
Global
	GlobalSection(SolutionConfigurationPlatforms) = preSolution
		Debug|Any CPU = Debug|Any CPU
		Release|Any CPU = Release|Any CPU
	EndGlobalSection
	GlobalSection(ProjectConfigurationPlatforms) = postSolution
		{BB75EBA5-67BC-45AA-AAF2-58588A9B6E58}.Debug|Any CPU.ActiveCfg = Debug|Any CPU
		{BB75EBA5-67BC-45AA-AAF2-58588A9B6E58}.Debug|Any CPU.Build.0 = Debug|Any CPU
		{BB75EBA5-67BC-45AA-AAF2-58588A9B6E58}.Release|Any CPU.ActiveCfg = Release|Any CPU
		{BB75EBA5-67BC-45AA-AAF2-58588A9B6E58}.Release|Any CPU.Build.0 = Release|Any CPU
	EndGlobalSection
	GlobalSection(SolutionProperties) = preSolution
		HideSolutionNode = FALSE
	EndGlobalSection
	GlobalSection(ExtensibilityGlobals) = postSolution
		SolutionGuid = {9396268F-51A8-4B20-80A1-FD9A20E2FCEC}
	EndGlobalSection
EndGlobal
